
Microsoft Visual Studio Solution File, Format Version 12.00
# Visual Studio 15
VisualStudioVersion = 15.0.26124.0
MinimumVisualStudioVersion = 15.0.26124.0
Project("{FAE04EC0-301F-11D3-BF4B-00C04F79EFBC}") = "AgendaEventos.API", "AgendaEventos.API\AgendaEventos.API.csproj", "{DEFC3E88-F52F-4E69-9391-346D498C7D08}"
EndProject
Project("{FAE04EC0-301F-11D3-BF4B-00C04F79EFBC}") = "AgendaEventos.Repositorio", "AgendaEventos.Repositorio\AgendaEventos.Repositorio.csproj", "{9EB80BBB-779C-496F-A7EC-191F52BD1789}"
EndProject
Project("{FAE04EC0-301F-11D3-BF4B-00C04F79EFBC}") = "AgendaEventos.Dominio", "AgendaEventos.Dominio\AgendaEventos.Dominio.csproj", "{32FF5465-EC0A-43B7-9311-84B6CF511821}"
EndProject
Global
	GlobalSection(SolutionConfigurationPlatforms) = preSolution
		Debug|Any CPU = Debug|Any CPU
		Debug|x64 = Debug|x64
		Debug|x86 = Debug|x86
		Release|Any CPU = Release|Any CPU
		Release|x64 = Release|x64
		Release|x86 = Release|x86
	EndGlobalSection
	GlobalSection(SolutionProperties) = preSolution
		HideSolutionNode = FALSE
	EndGlobalSection
	GlobalSection(ProjectConfigurationPlatforms) = postSolution
		{DEFC3E88-F52F-4E69-9391-346D498C7D08}.Debug|Any CPU.ActiveCfg = Debug|Any CPU
		{DEFC3E88-F52F-4E69-9391-346D498C7D08}.Debug|Any CPU.Build.0 = Debug|Any CPU
		{DEFC3E88-F52F-4E69-9391-346D498C7D08}.Debug|x64.ActiveCfg = Debug|Any CPU
		{DEFC3E88-F52F-4E69-9391-346D498C7D08}.Debug|x64.Build.0 = Debug|Any CPU
		{DEFC3E88-F52F-4E69-9391-346D498C7D08}.Debug|x86.ActiveCfg = Debug|Any CPU
		{DEFC3E88-F52F-4E69-9391-346D498C7D08}.Debug|x86.Build.0 = Debug|Any CPU
		{DEFC3E88-F52F-4E69-9391-346D498C7D08}.Release|Any CPU.ActiveCfg = Release|Any CPU
		{DEFC3E88-F52F-4E69-9391-346D498C7D08}.Release|Any CPU.Build.0 = Release|Any CPU
		{DEFC3E88-F52F-4E69-9391-346D498C7D08}.Release|x64.ActiveCfg = Release|Any CPU
		{DEFC3E88-F52F-4E69-9391-346D498C7D08}.Release|x64.Build.0 = Release|Any CPU
		{DEFC3E88-F52F-4E69-9391-346D498C7D08}.Release|x86.ActiveCfg = Release|Any CPU
		{DEFC3E88-F52F-4E69-9391-346D498C7D08}.Release|x86.Build.0 = Release|Any CPU
		{9EB80BBB-779C-496F-A7EC-191F52BD1789}.Debug|Any CPU.ActiveCfg = Debug|Any CPU
		{9EB80BBB-779C-496F-A7EC-191F52BD1789}.Debug|Any CPU.Build.0 = Debug|Any CPU
		{9EB80BBB-779C-496F-A7EC-191F52BD1789}.Debug|x64.ActiveCfg = Debug|Any CPU
		{9EB80BBB-779C-496F-A7EC-191F52BD1789}.Debug|x64.Build.0 = Debug|Any CPU
		{9EB80BBB-779C-496F-A7EC-191F52BD1789}.Debug|x86.ActiveCfg = Debug|Any CPU
		{9EB80BBB-779C-496F-A7EC-191F52BD1789}.Debug|x86.Build.0 = Debug|Any CPU
		{9EB80BBB-779C-496F-A7EC-191F52BD1789}.Release|Any CPU.ActiveCfg = Release|Any CPU
		{9EB80BBB-779C-496F-A7EC-191F52BD1789}.Release|Any CPU.Build.0 = Release|Any CPU
		{9EB80BBB-779C-496F-A7EC-191F52BD1789}.Release|x64.ActiveCfg = Release|Any CPU
		{9EB80BBB-779C-496F-A7EC-191F52BD1789}.Release|x64.Build.0 = Release|Any CPU
		{9EB80BBB-779C-496F-A7EC-191F52BD1789}.Release|x86.ActiveCfg = Release|Any CPU
		{9EB80BBB-779C-496F-A7EC-191F52BD1789}.Release|x86.Build.0 = Release|Any CPU
		{32FF5465-EC0A-43B7-9311-84B6CF511821}.Debug|Any CPU.ActiveCfg = Debug|Any CPU
		{32FF5465-EC0A-43B7-9311-84B6CF511821}.Debug|Any CPU.Build.0 = Debug|Any CPU
		{32FF5465-EC0A-43B7-9311-84B6CF511821}.Debug|x64.ActiveCfg = Debug|Any CPU
		{32FF5465-EC0A-43B7-9311-84B6CF511821}.Debug|x64.Build.0 = Debug|Any CPU
		{32FF5465-EC0A-43B7-9311-84B6CF511821}.Debug|x86.ActiveCfg = Debug|Any CPU
		{32FF5465-EC0A-43B7-9311-84B6CF511821}.Debug|x86.Build.0 = Debug|Any CPU
		{32FF5465-EC0A-43B7-9311-84B6CF511821}.Release|Any CPU.ActiveCfg = Release|Any CPU
		{32FF5465-EC0A-43B7-9311-84B6CF511821}.Release|Any CPU.Build.0 = Release|Any CPU
		{32FF5465-EC0A-43B7-9311-84B6CF511821}.Release|x64.ActiveCfg = Release|Any CPU
		{32FF5465-EC0A-43B7-9311-84B6CF511821}.Release|x64.Build.0 = Release|Any CPU
		{32FF5465-EC0A-43B7-9311-84B6CF511821}.Release|x86.ActiveCfg = Release|Any CPU
		{32FF5465-EC0A-43B7-9311-84B6CF511821}.Release|x86.Build.0 = Release|Any CPU
	EndGlobalSection
EndGlobal
